
Microsoft Visual Studio Solution File, Format Version 12.00
# Visual Studio Version 17
VisualStudioVersion = 17.8.34330.188
MinimumVisualStudioVersion = 10.0.40219.1
Project("{FAE04EC0-301F-11D3-BF4B-00C04F79EFBC}") = "TheSandwichMakersHardwareStoreSolution", "TheSandwichMakersHardwareStoreSolution.csproj", "{CDB2850D-BFDD-4611-960F-726B2768E41D}"
EndProject
Global
	GlobalSection(SolutionConfigurationPlatforms) = preSolution
		Debug|Any CPU = Debug|Any CPU
		Release|Any CPU = Release|Any CPU
	EndGlobalSection
	GlobalSection(ProjectConfigurationPlatforms) = postSolution
		{CDB2850D-BFDD-4611-960F-726B2768E41D}.Debug|Any CPU.ActiveCfg = Debug|Any CPU
		{CDB2850D-BFDD-4611-960F-726B2768E41D}.Debug|Any CPU.Build.0 = Debug|Any CPU
		{CDB2850D-BFDD-4611-960F-726B2768E41D}.Release|Any CPU.ActiveCfg = Release|Any CPU
		{CDB2850D-BFDD-4611-960F-726B2768E41D}.Release|Any CPU.Build.0 = Release|Any CPU
	EndGlobalSection
	GlobalSection(SolutionProperties) = preSolution
		HideSolutionNode = FALSE
	EndGlobalSection
	GlobalSection(ExtensibilityGlobals) = postSolution
		SolutionGuid = {9252745F-12B1-4455-BD38-03E2F66FFB64}
	EndGlobalSection
EndGlobal
